
Microsoft Visual Studio Solution File, Format Version 12.00
# Visual Studio 14
VisualStudioVersion = 14.0.25420.1
MinimumVisualStudioVersion = 10.0.40219.1
Project("{8BC9CEB8-8B4A-11D0-8D11-00A0C91BC942}") = "libsftcp_server", "libsftcp_server\libsftcp_server.vcxproj", "{B12702AD-ABFB-343A-A199-8E24837244A3}"
EndProject
Project("{8BC9CEB8-8B4A-11D0-8D11-00A0C91BC942}") = "libsfthread_pool", "libsfthread_pool\libsfthread_pool.vcxproj", "{DC6B0F87-43B4-44DE-B1FA-869A3B8AAEF4}"
EndProject
Project("{8BC9CEB8-8B4A-11D0-8D11-00A0C91BC942}") = "libsftri_type", "libsftri_type\libsftri_type.vcxproj", "{D3E74FE4-AF0A-4DEF-A708-80B6E3E6DCB0}"
EndProject
Project("{8BC9CEB8-8B4A-11D0-8D11-00A0C91BC942}") = "libsf_debug", "libsf_debug\libsf_debug.vcxproj", "{2F783669-A686-4CE3-9AF0-4A850ED29B06}"
EndProject
Global
	GlobalSection(SolutionConfigurationPlatforms) = preSolution
		Debug|x64 = Debug|x64
		Debug|x86 = Debug|x86
		Release|x64 = Release|x64
		Release|x86 = Release|x86
	EndGlobalSection
	GlobalSection(ProjectConfigurationPlatforms) = postSolution
		{B12702AD-ABFB-343A-A199-8E24837244A3}.Debug|x64.ActiveCfg = Debug|Win32
		{B12702AD-ABFB-343A-A199-8E24837244A3}.Debug|x86.ActiveCfg = Debug|Win32
		{B12702AD-ABFB-343A-A199-8E24837244A3}.Debug|x86.Build.0 = Debug|Win32
		{B12702AD-ABFB-343A-A199-8E24837244A3}.Release|x64.ActiveCfg = Release|Win32
		{B12702AD-ABFB-343A-A199-8E24837244A3}.Release|x86.ActiveCfg = Release|Win32
		{B12702AD-ABFB-343A-A199-8E24837244A3}.Release|x86.Build.0 = Release|Win32
		{DC6B0F87-43B4-44DE-B1FA-869A3B8AAEF4}.Debug|x64.ActiveCfg = Debug|x64
		{DC6B0F87-43B4-44DE-B1FA-869A3B8AAEF4}.Debug|x64.Build.0 = Debug|x64
		{DC6B0F87-43B4-44DE-B1FA-869A3B8AAEF4}.Debug|x86.ActiveCfg = Debug|Win32
		{DC6B0F87-43B4-44DE-B1FA-869A3B8AAEF4}.Debug|x86.Build.0 = Debug|Win32
		{DC6B0F87-43B4-44DE-B1FA-869A3B8AAEF4}.Release|x64.ActiveCfg = Release|x64
		{DC6B0F87-43B4-44DE-B1FA-869A3B8AAEF4}.Release|x64.Build.0 = Release|x64
		{DC6B0F87-43B4-44DE-B1FA-869A3B8AAEF4}.Release|x86.ActiveCfg = Release|Win32
		{DC6B0F87-43B4-44DE-B1FA-869A3B8AAEF4}.Release|x86.Build.0 = Release|Win32
		{D3E74FE4-AF0A-4DEF-A708-80B6E3E6DCB0}.Debug|x64.ActiveCfg = Debug|x64
		{D3E74FE4-AF0A-4DEF-A708-80B6E3E6DCB0}.Debug|x64.Build.0 = Debug|x64
		{D3E74FE4-AF0A-4DEF-A708-80B6E3E6DCB0}.Debug|x86.ActiveCfg = Debug|Win32
		{D3E74FE4-AF0A-4DEF-A708-80B6E3E6DCB0}.Debug|x86.Build.0 = Debug|Win32
		{D3E74FE4-AF0A-4DEF-A708-80B6E3E6DCB0}.Release|x64.ActiveCfg = Release|x64
		{D3E74FE4-AF0A-4DEF-A708-80B6E3E6DCB0}.Release|x64.Build.0 = Release|x64
		{D3E74FE4-AF0A-4DEF-A708-80B6E3E6DCB0}.Release|x86.ActiveCfg = Release|Win32
		{D3E74FE4-AF0A-4DEF-A708-80B6E3E6DCB0}.Release|x86.Build.0 = Release|Win32
		{2F783669-A686-4CE3-9AF0-4A850ED29B06}.Debug|x64.ActiveCfg = Debug|x64
		{2F783669-A686-4CE3-9AF0-4A850ED29B06}.Debug|x64.Build.0 = Debug|x64
		{2F783669-A686-4CE3-9AF0-4A850ED29B06}.Debug|x86.ActiveCfg = Debug|Win32
		{2F783669-A686-4CE3-9AF0-4A850ED29B06}.Debug|x86.Build.0 = Debug|Win32
		{2F783669-A686-4CE3-9AF0-4A850ED29B06}.Release|x64.ActiveCfg = Release|x64
		{2F783669-A686-4CE3-9AF0-4A850ED29B06}.Release|x64.Build.0 = Release|x64
		{2F783669-A686-4CE3-9AF0-4A850ED29B06}.Release|x86.ActiveCfg = Release|Win32
		{2F783669-A686-4CE3-9AF0-4A850ED29B06}.Release|x86.Build.0 = Release|Win32
	EndGlobalSection
	GlobalSection(SolutionProperties) = preSolution
		HideSolutionNode = FALSE
	EndGlobalSection
EndGlobal
