
Microsoft Visual Studio Solution File, Format Version 12.00
# Visual Studio 15
VisualStudioVersion = 15.0.26730.10
MinimumVisualStudioVersion = 10.0.40219.1
Project("{8BC9CEB8-8B4A-11D0-8D11-00A0C91BC942}") = "libsf_debug", "libsf_debug\libsf_debug.vcxproj", "{2F783669-A686-4CE3-9AF0-4A850ED29B06}"
EndProject
Project("{8BC9CEB8-8B4A-11D0-8D11-00A0C91BC942}") = "libsf_empty_class", "libsf_empty_class\libsfempty_class.vcxproj", "{9927EE96-F95A-46B9-994F-BB2CD94D7CF6}"
EndProject
Project("{8BC9CEB8-8B4A-11D0-8D11-00A0C91BC942}") = "libsf_single_instance", "libsf_single_instance\libsfsingle_instance.vcxproj", "{63B2CADF-5538-45EE-9F15-ED92B82C000C}"
EndProject
Project("{8BC9CEB8-8B4A-11D0-8D11-00A0C91BC942}") = "libsf_tcp_server", "libsf_tcp_server\libsftcp_server.vcxproj", "{B12702AD-ABFB-343A-A199-8E24837244A3}"
EndProject
Project("{8BC9CEB8-8B4A-11D0-8D11-00A0C91BC942}") = "libsf_thread_pool", "libsf_thread_pool\libsfthread_pool.vcxproj", "{DC6B0F87-43B4-44DE-B1FA-869A3B8AAEF4}"
EndProject
Project("{8BC9CEB8-8B4A-11D0-8D11-00A0C91BC942}") = "libsf_tri_type", "libsf_tri_type\libsftri_type.vcxproj", "{D3E74FE4-AF0A-4DEF-A708-80B6E3E6DCB0}"
EndProject
Project("{8BC9CEB8-8B4A-11D0-8D11-00A0C91BC942}") = "libsf_watch_time", "libsf_watch_time\libsf_watch_time.vcxproj", "{E968096F-A5E4-47DC-BFE3-4D984BA36F98}"
EndProject
Project("{8BC9CEB8-8B4A-11D0-8D11-00A0C91BC942}") = "libsf_range", "libsf_range\libsf_range.vcxproj", "{6A37E3D3-DF79-4715-913A-612EEF8922D0}"
EndProject
Global
	GlobalSection(SolutionConfigurationPlatforms) = preSolution
		Debug|x64 = Debug|x64
		Debug|x86 = Debug|x86
		Release|x64 = Release|x64
		Release|x86 = Release|x86
	EndGlobalSection
	GlobalSection(ProjectConfigurationPlatforms) = postSolution
		{2F783669-A686-4CE3-9AF0-4A850ED29B06}.Debug|x64.ActiveCfg = Debug|x64
		{2F783669-A686-4CE3-9AF0-4A850ED29B06}.Debug|x64.Build.0 = Debug|x64
		{2F783669-A686-4CE3-9AF0-4A850ED29B06}.Debug|x86.ActiveCfg = Debug|Win32
		{2F783669-A686-4CE3-9AF0-4A850ED29B06}.Debug|x86.Build.0 = Debug|Win32
		{2F783669-A686-4CE3-9AF0-4A850ED29B06}.Release|x64.ActiveCfg = Release|x64
		{2F783669-A686-4CE3-9AF0-4A850ED29B06}.Release|x64.Build.0 = Release|x64
		{2F783669-A686-4CE3-9AF0-4A850ED29B06}.Release|x86.ActiveCfg = Release|Win32
		{2F783669-A686-4CE3-9AF0-4A850ED29B06}.Release|x86.Build.0 = Release|Win32
		{9927EE96-F95A-46B9-994F-BB2CD94D7CF6}.Debug|x64.ActiveCfg = Debug|x64
		{9927EE96-F95A-46B9-994F-BB2CD94D7CF6}.Debug|x64.Build.0 = Debug|x64
		{9927EE96-F95A-46B9-994F-BB2CD94D7CF6}.Debug|x86.ActiveCfg = Debug|Win32
		{9927EE96-F95A-46B9-994F-BB2CD94D7CF6}.Debug|x86.Build.0 = Debug|Win32
		{9927EE96-F95A-46B9-994F-BB2CD94D7CF6}.Release|x64.ActiveCfg = Release|x64
		{9927EE96-F95A-46B9-994F-BB2CD94D7CF6}.Release|x64.Build.0 = Release|x64
		{9927EE96-F95A-46B9-994F-BB2CD94D7CF6}.Release|x86.ActiveCfg = Release|Win32
		{9927EE96-F95A-46B9-994F-BB2CD94D7CF6}.Release|x86.Build.0 = Release|Win32
		{63B2CADF-5538-45EE-9F15-ED92B82C000C}.Debug|x64.ActiveCfg = Debug|x64
		{63B2CADF-5538-45EE-9F15-ED92B82C000C}.Debug|x64.Build.0 = Debug|x64
		{63B2CADF-5538-45EE-9F15-ED92B82C000C}.Debug|x86.ActiveCfg = Debug|Win32
		{63B2CADF-5538-45EE-9F15-ED92B82C000C}.Debug|x86.Build.0 = Debug|Win32
		{63B2CADF-5538-45EE-9F15-ED92B82C000C}.Release|x64.ActiveCfg = Release|x64
		{63B2CADF-5538-45EE-9F15-ED92B82C000C}.Release|x64.Build.0 = Release|x64
		{63B2CADF-5538-45EE-9F15-ED92B82C000C}.Release|x86.ActiveCfg = Release|Win32
		{63B2CADF-5538-45EE-9F15-ED92B82C000C}.Release|x86.Build.0 = Release|Win32
		{B12702AD-ABFB-343A-A199-8E24837244A3}.Debug|x64.ActiveCfg = Debug|Win32
		{B12702AD-ABFB-343A-A199-8E24837244A3}.Debug|x86.ActiveCfg = Debug|Win32
		{B12702AD-ABFB-343A-A199-8E24837244A3}.Debug|x86.Build.0 = Debug|Win32
		{B12702AD-ABFB-343A-A199-8E24837244A3}.Release|x64.ActiveCfg = Release|Win32
		{B12702AD-ABFB-343A-A199-8E24837244A3}.Release|x86.ActiveCfg = Release|Win32
		{B12702AD-ABFB-343A-A199-8E24837244A3}.Release|x86.Build.0 = Release|Win32
		{DC6B0F87-43B4-44DE-B1FA-869A3B8AAEF4}.Debug|x64.ActiveCfg = Debug|x64
		{DC6B0F87-43B4-44DE-B1FA-869A3B8AAEF4}.Debug|x64.Build.0 = Debug|x64
		{DC6B0F87-43B4-44DE-B1FA-869A3B8AAEF4}.Debug|x86.ActiveCfg = Debug|Win32
		{DC6B0F87-43B4-44DE-B1FA-869A3B8AAEF4}.Debug|x86.Build.0 = Debug|Win32
		{DC6B0F87-43B4-44DE-B1FA-869A3B8AAEF4}.Release|x64.ActiveCfg = Release|x64
		{DC6B0F87-43B4-44DE-B1FA-869A3B8AAEF4}.Release|x64.Build.0 = Release|x64
		{DC6B0F87-43B4-44DE-B1FA-869A3B8AAEF4}.Release|x86.ActiveCfg = Release|Win32
		{DC6B0F87-43B4-44DE-B1FA-869A3B8AAEF4}.Release|x86.Build.0 = Release|Win32
		{D3E74FE4-AF0A-4DEF-A708-80B6E3E6DCB0}.Debug|x64.ActiveCfg = Debug|x64
		{D3E74FE4-AF0A-4DEF-A708-80B6E3E6DCB0}.Debug|x64.Build.0 = Debug|x64
		{D3E74FE4-AF0A-4DEF-A708-80B6E3E6DCB0}.Debug|x86.ActiveCfg = Debug|Win32
		{D3E74FE4-AF0A-4DEF-A708-80B6E3E6DCB0}.Debug|x86.Build.0 = Debug|Win32
		{D3E74FE4-AF0A-4DEF-A708-80B6E3E6DCB0}.Release|x64.ActiveCfg = Release|x64
		{D3E74FE4-AF0A-4DEF-A708-80B6E3E6DCB0}.Release|x64.Build.0 = Release|x64
		{D3E74FE4-AF0A-4DEF-A708-80B6E3E6DCB0}.Release|x86.ActiveCfg = Release|Win32
		{D3E74FE4-AF0A-4DEF-A708-80B6E3E6DCB0}.Release|x86.Build.0 = Release|Win32
		{E968096F-A5E4-47DC-BFE3-4D984BA36F98}.Debug|x64.ActiveCfg = Debug|x64
		{E968096F-A5E4-47DC-BFE3-4D984BA36F98}.Debug|x64.Build.0 = Debug|x64
		{E968096F-A5E4-47DC-BFE3-4D984BA36F98}.Debug|x86.ActiveCfg = Debug|Win32
		{E968096F-A5E4-47DC-BFE3-4D984BA36F98}.Debug|x86.Build.0 = Debug|Win32
		{E968096F-A5E4-47DC-BFE3-4D984BA36F98}.Release|x64.ActiveCfg = Release|x64
		{E968096F-A5E4-47DC-BFE3-4D984BA36F98}.Release|x64.Build.0 = Release|x64
		{E968096F-A5E4-47DC-BFE3-4D984BA36F98}.Release|x86.ActiveCfg = Release|Win32
		{E968096F-A5E4-47DC-BFE3-4D984BA36F98}.Release|x86.Build.0 = Release|Win32
		{6A37E3D3-DF79-4715-913A-612EEF8922D0}.Debug|x64.ActiveCfg = Debug|x64
		{6A37E3D3-DF79-4715-913A-612EEF8922D0}.Debug|x64.Build.0 = Debug|x64
		{6A37E3D3-DF79-4715-913A-612EEF8922D0}.Debug|x86.ActiveCfg = Debug|Win32
		{6A37E3D3-DF79-4715-913A-612EEF8922D0}.Debug|x86.Build.0 = Debug|Win32
		{6A37E3D3-DF79-4715-913A-612EEF8922D0}.Release|x64.ActiveCfg = Release|x64
		{6A37E3D3-DF79-4715-913A-612EEF8922D0}.Release|x64.Build.0 = Release|x64
		{6A37E3D3-DF79-4715-913A-612EEF8922D0}.Release|x86.ActiveCfg = Release|Win32
		{6A37E3D3-DF79-4715-913A-612EEF8922D0}.Release|x86.Build.0 = Release|Win32
	EndGlobalSection
	GlobalSection(SolutionProperties) = preSolution
		HideSolutionNode = FALSE
	EndGlobalSection
	GlobalSection(ExtensibilityGlobals) = postSolution
		SolutionGuid = {F41742A9-AFED-48B9-98C9-0217A8F92557}
	EndGlobalSection
EndGlobal
